
Microsoft Visual Studio Solution File, Format Version 12.00
# Visual Studio Version 16
VisualStudioVersion = 16.0.30621.155
MinimumVisualStudioVersion = 10.0.40219.1
Project("{FAE04EC0-301F-11D3-BF4B-00C04F79EFBC}") = "Task1", "Homework 3\Task1.csproj", "{0D852A20-53EF-4C85-A1DE-C76C87CD662C}"
EndProject
Global
	GlobalSection(SolutionConfigurationPlatforms) = preSolution
		Debug|Any CPU = Debug|Any CPU
		Release|Any CPU = Release|Any CPU
	EndGlobalSection
	GlobalSection(ProjectConfigurationPlatforms) = postSolution
		{0D852A20-53EF-4C85-A1DE-C76C87CD662C}.Debug|Any CPU.ActiveCfg = Debug|Any CPU
		{0D852A20-53EF-4C85-A1DE-C76C87CD662C}.Debug|Any CPU.Build.0 = Debug|Any CPU
		{0D852A20-53EF-4C85-A1DE-C76C87CD662C}.Release|Any CPU.ActiveCfg = Release|Any CPU
		{0D852A20-53EF-4C85-A1DE-C76C87CD662C}.Release|Any CPU.Build.0 = Release|Any CPU
	EndGlobalSection
	GlobalSection(SolutionProperties) = preSolution
		HideSolutionNode = FALSE
	EndGlobalSection
	GlobalSection(ExtensibilityGlobals) = postSolution
		SolutionGuid = {553F5FD2-D56E-4FC6-AAD0-1527D7812676}
	EndGlobalSection
EndGlobal
